
Microsoft Visual Studio Solution File, Format Version 12.00
# Visual Studio Version 16
VisualStudioVersion = 16.0.30011.22
MinimumVisualStudioVersion = 10.0.40219.1
Project("{9A19103F-16F7-4668-BE54-9A1E7A4F7556}") = "MatrixAddUtility", "MatrixAddUtility\MatrixAddUtility.csproj", "{385A8C09-E8C5-43DF-88D5-056D959F02CB}"
EndProject
Project("{9A19103F-16F7-4668-BE54-9A1E7A4F7556}") = "RandomMatrixAddUtility", "RandomMatrixAddUtility\RandomMatrixAddUtility.csproj", "{50EB667F-96F2-4C22-A262-0F32B43D1280}"
EndProject
Project("{FAE04EC0-301F-11D3-BF4B-00C04F79EFBC}") = "MatrixAddAdapter", "MatrixAddAdapter\MatrixAddAdapter.csproj", "{8E72FF01-BA57-4FEA-A0ED-506C7BC70CD6}"
EndProject
Project("{FAE04EC0-301F-11D3-BF4B-00C04F79EFBC}") = "RandomMatrixAddUtilityTests", "RandomMatrixAddUtilityTests\RandomMatrixAddUtilityTests.csproj", "{1D76532D-18F8-49A1-A391-596EA79FBE90}"
EndProject
Global
	GlobalSection(SolutionConfigurationPlatforms) = preSolution
		Debug|Any CPU = Debug|Any CPU
		Release|Any CPU = Release|Any CPU
	EndGlobalSection
	GlobalSection(ProjectConfigurationPlatforms) = postSolution
		{385A8C09-E8C5-43DF-88D5-056D959F02CB}.Debug|Any CPU.ActiveCfg = Debug|Any CPU
		{385A8C09-E8C5-43DF-88D5-056D959F02CB}.Debug|Any CPU.Build.0 = Debug|Any CPU
		{385A8C09-E8C5-43DF-88D5-056D959F02CB}.Release|Any CPU.ActiveCfg = Release|Any CPU
		{385A8C09-E8C5-43DF-88D5-056D959F02CB}.Release|Any CPU.Build.0 = Release|Any CPU
		{50EB667F-96F2-4C22-A262-0F32B43D1280}.Debug|Any CPU.ActiveCfg = Debug|Any CPU
		{50EB667F-96F2-4C22-A262-0F32B43D1280}.Debug|Any CPU.Build.0 = Debug|Any CPU
		{50EB667F-96F2-4C22-A262-0F32B43D1280}.Release|Any CPU.ActiveCfg = Release|Any CPU
		{50EB667F-96F2-4C22-A262-0F32B43D1280}.Release|Any CPU.Build.0 = Release|Any CPU
		{8E72FF01-BA57-4FEA-A0ED-506C7BC70CD6}.Debug|Any CPU.ActiveCfg = Debug|Any CPU
		{8E72FF01-BA57-4FEA-A0ED-506C7BC70CD6}.Debug|Any CPU.Build.0 = Debug|Any CPU
		{8E72FF01-BA57-4FEA-A0ED-506C7BC70CD6}.Release|Any CPU.ActiveCfg = Release|Any CPU
		{8E72FF01-BA57-4FEA-A0ED-506C7BC70CD6}.Release|Any CPU.Build.0 = Release|Any CPU
		{1D76532D-18F8-49A1-A391-596EA79FBE90}.Debug|Any CPU.ActiveCfg = Debug|Any CPU
		{1D76532D-18F8-49A1-A391-596EA79FBE90}.Debug|Any CPU.Build.0 = Debug|Any CPU
		{1D76532D-18F8-49A1-A391-596EA79FBE90}.Release|Any CPU.ActiveCfg = Release|Any CPU
		{1D76532D-18F8-49A1-A391-596EA79FBE90}.Release|Any CPU.Build.0 = Release|Any CPU
	EndGlobalSection
	GlobalSection(SolutionProperties) = preSolution
		HideSolutionNode = FALSE
	EndGlobalSection
	GlobalSection(ExtensibilityGlobals) = postSolution
		SolutionGuid = {260B9AA4-3E36-4754-8B8D-008FAB47A6A3}
	EndGlobalSection
EndGlobal
