
Microsoft Visual Studio Solution File, Format Version 12.00
# Visual Studio 15
VisualStudioVersion = 15.0.28307.1062
MinimumVisualStudioVersion = 10.0.40219.1
Project("{FAE04EC0-301F-11D3-BF4B-00C04F79EFBC}") = "CustomString", "CustomString\CustomString.csproj", "{73990621-8E27-40AD-82BE-DE88045BBB13}"
EndProject
Project("{FAE04EC0-301F-11D3-BF4B-00C04F79EFBC}") = "CustomString.Tests", "CustomString.Tests\CustomString.Tests.csproj", "{B35E124E-62A2-4F86-80C2-5E5C2699AA0B}"
EndProject
Global
	GlobalSection(SolutionConfigurationPlatforms) = preSolution
		Debug|Any CPU = Debug|Any CPU
		Release|Any CPU = Release|Any CPU
	EndGlobalSection
	GlobalSection(ProjectConfigurationPlatforms) = postSolution
		{73990621-8E27-40AD-82BE-DE88045BBB13}.Debug|Any CPU.ActiveCfg = Debug|Any CPU
		{73990621-8E27-40AD-82BE-DE88045BBB13}.Debug|Any CPU.Build.0 = Debug|Any CPU
		{73990621-8E27-40AD-82BE-DE88045BBB13}.Release|Any CPU.ActiveCfg = Release|Any CPU
		{73990621-8E27-40AD-82BE-DE88045BBB13}.Release|Any CPU.Build.0 = Release|Any CPU
		{B35E124E-62A2-4F86-80C2-5E5C2699AA0B}.Debug|Any CPU.ActiveCfg = Debug|Any CPU
		{B35E124E-62A2-4F86-80C2-5E5C2699AA0B}.Debug|Any CPU.Build.0 = Debug|Any CPU
		{B35E124E-62A2-4F86-80C2-5E5C2699AA0B}.Release|Any CPU.ActiveCfg = Release|Any CPU
		{B35E124E-62A2-4F86-80C2-5E5C2699AA0B}.Release|Any CPU.Build.0 = Release|Any CPU
	EndGlobalSection
	GlobalSection(SolutionProperties) = preSolution
		HideSolutionNode = FALSE
	EndGlobalSection
	GlobalSection(ExtensibilityGlobals) = postSolution
		SolutionGuid = {1D6C1B84-1468-430B-9697-76EE0DD9FACD}
	EndGlobalSection
EndGlobal
