
Microsoft Visual Studio Solution File, Format Version 12.00
# Visual Studio Version 16
VisualStudioVersion = 16.0.30128.74
MinimumVisualStudioVersion = 10.0.40219.1
Project("{FAE04EC0-301F-11D3-BF4B-00C04F79EFBC}") = "FactoryHomeWork", "FactoryHomeWork\FactoryHomeWork.csproj", "{2C8764F2-62A1-4348-8557-8004DC612823}"
EndProject
Project("{FAE04EC0-301F-11D3-BF4B-00C04F79EFBC}") = "FactoryHomeWorkTests", "FactoryHomeWorkTests\FactoryHomeWorkTests.csproj", "{99ADBCAB-AE26-42EF-9A57-7B6CBB3B5474}"
EndProject
Global
	GlobalSection(SolutionConfigurationPlatforms) = preSolution
		Debug|Any CPU = Debug|Any CPU
		Release|Any CPU = Release|Any CPU
	EndGlobalSection
	GlobalSection(ProjectConfigurationPlatforms) = postSolution
		{2C8764F2-62A1-4348-8557-8004DC612823}.Debug|Any CPU.ActiveCfg = Debug|Any CPU
		{2C8764F2-62A1-4348-8557-8004DC612823}.Debug|Any CPU.Build.0 = Debug|Any CPU
		{2C8764F2-62A1-4348-8557-8004DC612823}.Release|Any CPU.ActiveCfg = Release|Any CPU
		{2C8764F2-62A1-4348-8557-8004DC612823}.Release|Any CPU.Build.0 = Release|Any CPU
		{99ADBCAB-AE26-42EF-9A57-7B6CBB3B5474}.Debug|Any CPU.ActiveCfg = Debug|Any CPU
		{99ADBCAB-AE26-42EF-9A57-7B6CBB3B5474}.Debug|Any CPU.Build.0 = Debug|Any CPU
		{99ADBCAB-AE26-42EF-9A57-7B6CBB3B5474}.Release|Any CPU.ActiveCfg = Release|Any CPU
		{99ADBCAB-AE26-42EF-9A57-7B6CBB3B5474}.Release|Any CPU.Build.0 = Release|Any CPU
	EndGlobalSection
	GlobalSection(SolutionProperties) = preSolution
		HideSolutionNode = FALSE
	EndGlobalSection
	GlobalSection(ExtensibilityGlobals) = postSolution
		SolutionGuid = {4F7486C4-3CEE-4B8B-9A48-72BD03E8AD77}
	EndGlobalSection
EndGlobal
